
Microsoft Visual Studio Solution File, Format Version 12.00
# Visual Studio Version 17
VisualStudioVersion = 17.3.32929.385
MinimumVisualStudioVersion = 10.0.40219.1
Project("{9A19103F-16F7-4668-BE54-9A1E7A4F7556}") = "IsItTheSame", "IsItTheSame\IsItTheSame.csproj", "{E537C8B8-57A5-4F74-BBDC-1990D4477DB4}"
EndProject
Project("{9A19103F-16F7-4668-BE54-9A1E7A4F7556}") = "HappyBirthday", "HappyBirthday\HappyBirthday.csproj", "{8C262777-98B8-4015-AFC4-D42A2C616A52}"
EndProject
Project("{9A19103F-16F7-4668-BE54-9A1E7A4F7556}") = "WeHaveADate", "WeHaveADate\WeHaveADate.csproj", "{152933A5-DBAD-4995-B4B0-F890082D4ECF}"
EndProject
Project("{FAE04EC0-301F-11D3-BF4B-00C04F79EFBC}") = "WhenItHappen", "WhenItHappen\WhenItHappen.csproj", "{30126E09-E27B-4647-9245-D38DC894D212}"
EndProject
Project("{FAE04EC0-301F-11D3-BF4B-00C04F79EFBC}") = "ComingSoon", "ComingSoon\ComingSoon.csproj", "{AACC7652-C595-4755-BD96-D19EAA42257C}"
EndProject
Global
	GlobalSection(SolutionConfigurationPlatforms) = preSolution
		Debug|Any CPU = Debug|Any CPU
		Release|Any CPU = Release|Any CPU
	EndGlobalSection
	GlobalSection(ProjectConfigurationPlatforms) = postSolution
		{E537C8B8-57A5-4F74-BBDC-1990D4477DB4}.Debug|Any CPU.ActiveCfg = Debug|Any CPU
		{E537C8B8-57A5-4F74-BBDC-1990D4477DB4}.Debug|Any CPU.Build.0 = Debug|Any CPU
		{E537C8B8-57A5-4F74-BBDC-1990D4477DB4}.Release|Any CPU.ActiveCfg = Release|Any CPU
		{E537C8B8-57A5-4F74-BBDC-1990D4477DB4}.Release|Any CPU.Build.0 = Release|Any CPU
		{8C262777-98B8-4015-AFC4-D42A2C616A52}.Debug|Any CPU.ActiveCfg = Debug|Any CPU
		{8C262777-98B8-4015-AFC4-D42A2C616A52}.Debug|Any CPU.Build.0 = Debug|Any CPU
		{8C262777-98B8-4015-AFC4-D42A2C616A52}.Release|Any CPU.ActiveCfg = Release|Any CPU
		{8C262777-98B8-4015-AFC4-D42A2C616A52}.Release|Any CPU.Build.0 = Release|Any CPU
		{152933A5-DBAD-4995-B4B0-F890082D4ECF}.Debug|Any CPU.ActiveCfg = Debug|Any CPU
		{152933A5-DBAD-4995-B4B0-F890082D4ECF}.Debug|Any CPU.Build.0 = Debug|Any CPU
		{152933A5-DBAD-4995-B4B0-F890082D4ECF}.Release|Any CPU.ActiveCfg = Release|Any CPU
		{152933A5-DBAD-4995-B4B0-F890082D4ECF}.Release|Any CPU.Build.0 = Release|Any CPU
		{30126E09-E27B-4647-9245-D38DC894D212}.Debug|Any CPU.ActiveCfg = Debug|Any CPU
		{30126E09-E27B-4647-9245-D38DC894D212}.Debug|Any CPU.Build.0 = Debug|Any CPU
		{30126E09-E27B-4647-9245-D38DC894D212}.Release|Any CPU.ActiveCfg = Release|Any CPU
		{30126E09-E27B-4647-9245-D38DC894D212}.Release|Any CPU.Build.0 = Release|Any CPU
		{AACC7652-C595-4755-BD96-D19EAA42257C}.Debug|Any CPU.ActiveCfg = Debug|Any CPU
		{AACC7652-C595-4755-BD96-D19EAA42257C}.Debug|Any CPU.Build.0 = Debug|Any CPU
		{AACC7652-C595-4755-BD96-D19EAA42257C}.Release|Any CPU.ActiveCfg = Release|Any CPU
		{AACC7652-C595-4755-BD96-D19EAA42257C}.Release|Any CPU.Build.0 = Release|Any CPU
	EndGlobalSection
	GlobalSection(SolutionProperties) = preSolution
		HideSolutionNode = FALSE
	EndGlobalSection
	GlobalSection(ExtensibilityGlobals) = postSolution
		SolutionGuid = {27619FC4-4153-4845-93C4-C3A5A753CA3E}
	EndGlobalSection
EndGlobal
